
Microsoft Visual Studio Solution File, Format Version 12.00
# Visual Studio 15
VisualStudioVersion = 15.0.27703.2000
MinimumVisualStudioVersion = 10.0.40219.1
Project("{FAE04EC0-301F-11D3-BF4B-00C04F79EFBC}") = "BuyTicket", "BuyTicket\BuyTicket.csproj", "{77CB5ABA-CEEC-446F-8F27-24B90EBBEA5E}"
EndProject
Global
	GlobalSection(SolutionConfigurationPlatforms) = preSolution
		Debug|Any CPU = Debug|Any CPU
		Release|Any CPU = Release|Any CPU
	EndGlobalSection
	GlobalSection(ProjectConfigurationPlatforms) = postSolution
		{77CB5ABA-CEEC-446F-8F27-24B90EBBEA5E}.Debug|Any CPU.ActiveCfg = Debug|Any CPU
		{77CB5ABA-CEEC-446F-8F27-24B90EBBEA5E}.Debug|Any CPU.Build.0 = Debug|Any CPU
		{77CB5ABA-CEEC-446F-8F27-24B90EBBEA5E}.Release|Any CPU.ActiveCfg = Release|Any CPU
		{77CB5ABA-CEEC-446F-8F27-24B90EBBEA5E}.Release|Any CPU.Build.0 = Release|Any CPU
	EndGlobalSection
	GlobalSection(SolutionProperties) = preSolution
		HideSolutionNode = FALSE
	EndGlobalSection
	GlobalSection(ExtensibilityGlobals) = postSolution
		SolutionGuid = {35D1C9EA-3B52-4B8B-9B96-9A8862DF4A6B}
	EndGlobalSection
EndGlobal
